
Microsoft Visual Studio Solution File, Format Version 12.00
# Visual Studio 15
VisualStudioVersion = 15.0.27428.2043
MinimumVisualStudioVersion = 10.0.40219.1
Project("{9A19103F-16F7-4668-BE54-9A1E7A4F7556}") = "DotNetCoreMVCWebAPI", "DotNetCoreMVCWebAPI\DotNetCoreMVCWebAPI.csproj", "{45A24F33-C8B9-4F2E-A4A9-D343C7E68D50}"
EndProject
Project("{FAE04EC0-301F-11D3-BF4B-00C04F79EFBC}") = "APIClient", "APIClient\APIClient.csproj", "{3AFE9090-19BD-456C-8792-8C940CC7CE42}"
EndProject
Global
	GlobalSection(SolutionConfigurationPlatforms) = preSolution
		Debug|Any CPU = Debug|Any CPU
		Release|Any CPU = Release|Any CPU
	EndGlobalSection
	GlobalSection(ProjectConfigurationPlatforms) = postSolution
		{45A24F33-C8B9-4F2E-A4A9-D343C7E68D50}.Debug|Any CPU.ActiveCfg = Debug|Any CPU
		{45A24F33-C8B9-4F2E-A4A9-D343C7E68D50}.Debug|Any CPU.Build.0 = Debug|Any CPU
		{45A24F33-C8B9-4F2E-A4A9-D343C7E68D50}.Release|Any CPU.ActiveCfg = Release|Any CPU
		{45A24F33-C8B9-4F2E-A4A9-D343C7E68D50}.Release|Any CPU.Build.0 = Release|Any CPU
		{3AFE9090-19BD-456C-8792-8C940CC7CE42}.Debug|Any CPU.ActiveCfg = Debug|Any CPU
		{3AFE9090-19BD-456C-8792-8C940CC7CE42}.Debug|Any CPU.Build.0 = Debug|Any CPU
		{3AFE9090-19BD-456C-8792-8C940CC7CE42}.Release|Any CPU.ActiveCfg = Release|Any CPU
		{3AFE9090-19BD-456C-8792-8C940CC7CE42}.Release|Any CPU.Build.0 = Release|Any CPU
	EndGlobalSection
	GlobalSection(SolutionProperties) = preSolution
		HideSolutionNode = FALSE
	EndGlobalSection
	GlobalSection(ExtensibilityGlobals) = postSolution
		SolutionGuid = {5D39C51A-9591-4E68-ACA0-6EC137608C67}
	EndGlobalSection
EndGlobal
